// !$*UTF8*$!
{
	archiveVersion = 1;
	classes = {
	};
	objectVersion = 55;
	objects = {

/* Begin PBXBuildFile section */
		FD05F7132854757B0055192B /* OutOfTheBoxOfficeApp.swift in Sources */ = {isa = PBXBuildFile; fileRef = FD05F7122854757B0055192B /* OutOfTheBoxOfficeApp.swift */; };
		FD05F7152854757B0055192B /* ContentView.swift in Sources */ = {isa = PBXBuildFile; fileRef = FD05F7142854757B0055192B /* ContentView.swift */; };
		FD05F7172854757D0055192B /* Assets.xcassets in Resources */ = {isa = PBXBuildFile; fileRef = FD05F7162854757D0055192B /* Assets.xcassets */; };
		FD05F71A2854757D0055192B /* Preview Assets.xcassets in Resources */ = {isa = PBXBuildFile; fileRef = FD05F7192854757D0055192B /* Preview Assets.xcassets */; };
		FD05F728285475CF0055192B /* MovieDetail.swift in Sources */ = {isa = PBXBuildFile; fileRef = FD05F720285475CF0055192B /* MovieDetail.swift */; };
		FD05F729285475CF0055192B /* Movie.swift in Sources */ = {isa = PBXBuildFile; fileRef = FD05F722285475CF0055192B /* Movie.swift */; };
		FD05F72A285475CF0055192B /* ModelData.swift in Sources */ = {isa = PBXBuildFile; fileRef = FD05F723285475CF0055192B /* ModelData.swift */; };
		FD05F72B285475CF0055192B /* movieData.json in Resources */ = {isa = PBXBuildFile; fileRef = FD05F725285475CF0055192B /* movieData.json */; };
		FD05F72C285475CF0055192B /* MovieList.swift in Sources */ = {isa = PBXBuildFile; fileRef = FD05F726285475CF0055192B /* MovieList.swift */; };
		FD05F72D285475CF0055192B /* MovieRow.swift in Sources */ = {isa = PBXBuildFile; fileRef = FD05F727285475CF0055192B /* MovieRow.swift */; };
/* End PBXBuildFile section */

/* Begin PBXFileReference section */
		FD05F70F2854757B0055192B /* OOTBO.app */ = {isa = PBXFileReference; explicitFileType = wrapper.application; includeInIndex = 0; path = OOTBO.app; sourceTree = BUILT_PRODUCTS_DIR; };
		FD05F7122854757B0055192B /* OutOfTheBoxOfficeApp.swift */ = {isa = PBXFileReference; lastKnownFileType = sourcecode.swift; path = OutOfTheBoxOfficeApp.swift; sourceTree = "<group>"; };
		FD05F7142854757B0055192B /* ContentView.swift */ = {isa = PBXFileReference; lastKnownFileType = sourcecode.swift; path = ContentView.swift; sourceTree = "<group>"; };
		FD05F7162854757D0055192B /* Assets.xcassets */ = {isa = PBXFileReference; lastKnownFileType = folder.assetcatalog; path = Assets.xcassets; sourceTree = "<group>"; };
		FD05F7192854757D0055192B /* Preview Assets.xcassets */ = {isa = PBXFileReference; lastKnownFileType = folder.assetcatalog; path = "Preview Assets.xcassets"; sourceTree = "<group>"; };
		FD05F720285475CF0055192B /* MovieDetail.swift */ = {isa = PBXFileReference; fileEncoding = 4; lastKnownFileType = sourcecode.swift; path = MovieDetail.swift; sourceTree = "<group>"; };
		FD05F722285475CF0055192B /* Movie.swift */ = {isa = PBXFileReference; fileEncoding = 4; lastKnownFileType = sourcecode.swift; path = Movie.swift; sourceTree = "<group>"; };
		FD05F723285475CF0055192B /* ModelData.swift */ = {isa = PBXFileReference; fileEncoding = 4; lastKnownFileType = sourcecode.swift; path = ModelData.swift; sourceTree = "<group>"; };
		FD05F725285475CF0055192B /* movieData.json */ = {isa = PBXFileReference; fileEncoding = 4; lastKnownFileType = text.json; path = movieData.json; sourceTree = "<group>"; };
		FD05F726285475CF0055192B /* MovieList.swift */ = {isa = PBXFileReference; fileEncoding = 4; lastKnownFileType = sourcecode.swift; path = MovieList.swift; sourceTree = "<group>"; };
		FD05F727285475CF0055192B /* MovieRow.swift */ = {isa = PBXFileReference; fileEncoding = 4; lastKnownFileType = sourcecode.swift; path = MovieRow.swift; sourceTree = "<group>"; };
/* End PBXFileReference section */

/* Begin PBXFrameworksBuildPhase section */
		FD05F70C2854757B0055192B /* Frameworks */ = {
			isa = PBXFrameworksBuildPhase;
			buildActionMask = 2147483647;
			files = (
			);
			runOnlyForDeploymentPostprocessing = 0;
		};
/* End PBXFrameworksBuildPhase section */

/* Begin PBXGroup section */
		FD05F7062854757B0055192B = {
			isa = PBXGroup;
			children = (
				FD05F7112854757B0055192B /* OutOfTheBoxOffice */,
				FD05F7102854757B0055192B /* Products */,
			);
			sourceTree = "<group>";
		};
		FD05F7102854757B0055192B /* Products */ = {
			isa = PBXGroup;
			children = (
				FD05F70F2854757B0055192B /* OOTBO.app */,
			);
			name = Products;
			sourceTree = "<group>";
		};
		FD05F7112854757B0055192B /* OutOfTheBoxOffice */ = {
			isa = PBXGroup;
			children = (
				FD05F7122854757B0055192B /* OutOfTheBoxOfficeApp.swift */,
				FD05F7142854757B0055192B /* ContentView.swift */,
				FD05F726285475CF0055192B /* MovieList.swift */,
				FD05F727285475CF0055192B /* MovieRow.swift */,
				FD05F720285475CF0055192B /* MovieDetail.swift */,
				FD05F721285475CF0055192B /* Model */,
				FD05F724285475CF0055192B /* Resources */,
				FD05F7162854757D0055192B /* Assets.xcassets */,
				FD05F7182854757D0055192B /* Preview Content */,
			);
			path = OutOfTheBoxOffice;
			sourceTree = "<group>";
		};
		FD05F7182854757D0055192B /* Preview Content */ = {
			isa = PBXGroup;
			children = (
				FD05F7192854757D0055192B /* Preview Assets.xcassets */,
			);
			path = "Preview Content";
			sourceTree = "<group>";
		};
		FD05F721285475CF0055192B /* Model */ = {
			isa = PBXGroup;
			children = (
				FD05F722285475CF0055192B /* Movie.swift */,
				FD05F723285475CF0055192B /* ModelData.swift */,
			);
			path = Model;
			sourceTree = "<group>";
		};
		FD05F724285475CF0055192B /* Resources */ = {
			isa = PBXGroup;
			children = (
				FD05F725285475CF0055192B /* movieData.json */,
			);
			path = Resources;
			sourceTree = "<group>";
		};
/* End PBXGroup section */

/* Begin PBXNativeTarget section */
		FD05F70E2854757B0055192B /* OutOfTheBoxOffice */ = {
			isa = PBXNativeTarget;
			buildConfigurationList = FD05F71D2854757D0055192B /* Build configuration list for PBXNativeTarget "OutOfTheBoxOffice" */;
			buildPhases = (
				FD05F70B2854757B0055192B /* Sources */,
				FD05F70C2854757B0055192B /* Frameworks */,
				FD05F70D2854757B0055192B /* Resources */,
			);
			buildRules = (
			);
			dependencies = (
			);
			name = OutOfTheBoxOffice;
			productName = OutOfTheBoxOffice;
			productReference = FD05F70F2854757B0055192B /* OOTBO.app */;
			productType = "com.apple.product-type.application";
		};
/* End PBXNativeTarget section */

/* Begin PBXProject section */
		FD05F7072854757B0055192B /* Project object */ = {
			isa = PBXProject;
			attributes = {
				BuildIndependentTargetsInParallel = 1;
				LastSwiftUpdateCheck = 1340;
				LastUpgradeCheck = 1340;
				TargetAttributes = {
					FD05F70E2854757B0055192B = {
						CreatedOnToolsVersion = 13.4.1;
					};
				};
			};
			buildConfigurationList = FD05F70A2854757B0055192B /* Build configuration list for PBXProject "OutOfTheBoxOffice" */;
			compatibilityVersion = "Xcode 13.0";
			developmentRegion = en;
			hasScannedForEncodings = 0;
			knownRegions = (
				en,
				Base,
			);
			mainGroup = FD05F7062854757B0055192B;
			productRefGroup = FD05F7102854757B0055192B /* Products */;
			projectDirPath = "";
			projectRoot = "";
			targets = (
				FD05F70E2854757B0055192B /* OutOfTheBoxOffice */,
			);
		};
/* End PBXProject section */

/* Begin PBXResourcesBuildPhase section */
		FD05F70D2854757B0055192B /* Resources */ = {
			isa = PBXResourcesBuildPhase;
			buildActionMask = 2147483647;
			files = (
				FD05F71A2854757D0055192B /* Preview Assets.xcassets in Resources */,
				FD05F7172854757D0055192B /* Assets.xcassets in Resources */,
				FD05F72B285475CF0055192B /* movieData.json in Resources */,
			);
			runOnlyForDeploymentPostprocessing = 0;
		};
/* End PBXResourcesBuildPhase section */

/* Begin PBXSourcesBuildPhase section */
		FD05F70B2854757B0055192B /* Sources */ = {
			isa = PBXSourcesBuildPhase;
			buildActionMask = 2147483647;
			files = (
				FD05F72C285475CF0055192B /* MovieList.swift in Sources */,
				FD05F728285475CF0055192B /* MovieDetail.swift in Sources */,
				FD05F7152854757B0055192B /* ContentView.swift in Sources */,
				FD05F72A285475CF0055192B /* ModelData.swift in Sources */,
				FD05F72D285475CF0055192B /* MovieRow.swift in Sources */,
				FD05F729285475CF0055192B /* Movie.swift in Sources */,
				FD05F7132854757B0055192B /* OutOfTheBoxOfficeApp.swift in Sources */,
			);
			runOnlyForDeploymentPostprocessing = 0;
		};
/* End PBXSourcesBuildPhase section */

/* Begin XCBuildConfiguration section */
		FD05F71B2854757D0055192B /* Debug */ = {
			isa = XCBuildConfiguration;
			buildSettings = {
				ALWAYS_SEARCH_USER_PATHS = NO;
				CLANG_ANALYZER_NONNULL = YES;
				CLANG_ANALYZER_NUMBER_OBJECT_CONVERSION = YES_AGGRESSIVE;
				CLANG_CXX_LANGUAGE_STANDARD = "gnu++17";
				CLANG_ENABLE_MODULES = YES;
				CLANG_ENABLE_OBJC_ARC = YES;
				CLANG_ENABLE_OBJC_WEAK = YES;
				CLANG_WARN_BLOCK_CAPTURE_AUTORELEASING = YES;
				CLANG_WARN_BOOL_CONVERSION = YES;
				CLANG_WARN_COMMA = YES;
				CLANG_WARN_CONSTANT_CONVERSION = YES;
				CLANG_WARN_DEPRECATED_OBJC_IMPLEMENTATIONS = YES;
				CLANG_WARN_DIRECT_OBJC_ISA_USAGE = YES_ERROR;
				CLANG_WARN_DOCUMENTATION_COMMENTS = YES;
				CLANG_WARN_EMPTY_BODY = YES;
				CLANG_WARN_ENUM_CONVERSION = YES;
				CLANG_WARN_INFINITE_RECURSION = YES;
				CLANG_WARN_INT_CONVERSION = YES;
				CLANG_WARN_NON_LITERAL_NULL_CONVERSION = YES;
				CLANG_WARN_OBJC_IMPLICIT_RETAIN_SELF = YES;
				CLANG_WARN_OBJC_LITERAL_CONVERSION = YES;
				CLANG_WARN_OBJC_ROOT_CLASS = YES_ERROR;
				CLANG_WARN_QUOTED_INCLUDE_IN_FRAMEWORK_HEADER = YES;
				CLANG_WARN_RANGE_LOOP_ANALYSIS = YES;
				CLANG_WARN_STRICT_PROTOTYPES = YES;
				CLANG_WARN_SUSPICIOUS_MOVE = YES;
				CLANG_WARN_UNGUARDED_AVAILABILITY = YES_AGGRESSIVE;
				CLANG_WARN_UNREACHABLE_CODE = YES;
				CLANG_WARN__DUPLICATE_METHOD_MATCH = YES;
				COPY_PHASE_STRIP = NO;
				DEBUG_INFORMATION_FORMAT = dwarf;
				ENABLE_STRICT_OBJC_MSGSEND = YES;
				ENABLE_TESTABILITY = YES;
				GCC_C_LANGUAGE_STANDARD = gnu11;
				GCC_DYNAMIC_NO_PIC = NO;
				GCC_NO_COMMON_BLOCKS = YES;
				GCC_OPTIMIZATION_LEVEL = 0;
				GCC_PREPROCESSOR_DEFINITIONS = (
					"DEBUG=1",
					"$(inherited)",
				);
				GCC_WARN_64_TO_32_BIT_CONVERSION = YES;
				GCC_WARN_ABOUT_RETURN_TYPE = YES_ERROR;
				GCC_WARN_UNDECLARED_SELECTOR = YES;
				GCC_WARN_UNINITIALIZED_AUTOS = YES_AGGRESSIVE;
				GCC_WARN_UNUSED_FUNCTION = YES;
				GCC_WARN_UNUSED_VARIABLE = YES;
				IPHONEOS_DEPLOYMENT_TARGET = 15.5;
				MTL_ENABLE_DEBUG_INFO = INCLUDE_SOURCE;
				MTL_FAST_MATH = YES;
				ONLY_ACTIVE_ARCH = YES;
				SDKROOT = iphoneos;
				SWIFT_ACTIVE_COMPILATION_CONDITIONS = DEBUG;
				SWIFT_OPTIMIZATION_LEVEL = "-Onone";
			};
			name = Debug;
		};
		FD05F71C2854757D0055192B /* Release */ = {
			isa = XCBuildConfiguration;
			buildSettings = {
				ALWAYS_SEARCH_USER_PATHS = NO;
				CLANG_ANALYZER_NONNULL = YES;
				CLANG_ANALYZER_NUMBER_OBJECT_CONVERSION = YES_AGGRESSIVE;
				CLANG_CXX_LANGUAGE_STANDARD = "gnu++17";
				CLANG_ENABLE_MODULES = YES;
				CLANG_ENABLE_OBJC_ARC = YES;
				CLANG_ENABLE_OBJC_WEAK = YES;
				CLANG_WARN_BLOCK_CAPTURE_AUTORELEASING = YES;
				CLANG_WARN_BOOL_CONVERSION = YES;
				CLANG_WARN_COMMA = YES;
				CLANG_WARN_CONSTANT_CONVERSION = YES;
				CLANG_WARN_DEPRECATED_OBJC_IMPLEMENTATIONS = YES;
				CLANG_WARN_DIRECT_OBJC_ISA_USAGE = YES_ERROR;
				CLANG_WARN_DOCUMENTATION_COMMENTS = YES;
				CLANG_WARN_EMPTY_BODY = YES;
				CLANG_WARN_ENUM_CONVERSION = YES;
				CLANG_WARN_INFINITE_RECURSION = YES;
				CLANG_WARN_INT_CONVERSION = YES;
				CLANG_WARN_NON_LITERAL_NULL_CONVERSION = YES;
				CLANG_WARN_OBJC_IMPLICIT_RETAIN_SELF = YES;
				CLANG_WARN_OBJC_LITERAL_CONVERSION = YES;
				CLANG_WARN_OBJC_ROOT_CLASS = YES_ERROR;
				CLANG_WARN_QUOTED_INCLUDE_IN_FRAMEWORK_HEADER = YES;
				CLANG_WARN_RANGE_LOOP_ANALYSIS = YES;
				CLANG_WARN_STRICT_PROTOTYPES = YES;
				CLANG_WARN_SUSPICIOUS_MOVE = YES;
				CLANG_WARN_UNGUARDED_AVAILABILITY = YES_AGGRESSIVE;
				CLANG_WARN_UNREACHABLE_CODE = YES;
				CLANG_WARN__DUPLICATE_METHOD_MATCH = YES;
				COPY_PHASE_STRIP = NO;
				DEBUG_INFORMATION_FORMAT = "dwarf-with-dsym";
				ENABLE_NS_ASSERTIONS = NO;
				ENABLE_STRICT_OBJC_MSGSEND = YES;
				GCC_C_LANGUAGE_STANDARD = gnu11;
				GCC_NO_COMMON_BLOCKS = YES;
				GCC_WARN_64_TO_32_BIT_CONVERSION = YES;
				GCC_WARN_ABOUT_RETURN_TYPE = YES_ERROR;
				GCC_WARN_UNDECLARED_SELECTOR = YES;
				GCC_WARN_UNINITIALIZED_AUTOS = YES_AGGRESSIVE;
				GCC_WARN_UNUSED_FUNCTION = YES;
				GCC_WARN_UNUSED_VARIABLE = YES;
				IPHONEOS_DEPLOYMENT_TARGET = 15.5;
				MTL_ENABLE_DEBUG_INFO = NO;
				MTL_FAST_MATH = YES;
				SDKROOT = iphoneos;
				SWIFT_COMPILATION_MODE = wholemodule;
				SWIFT_OPTIMIZATION_LEVEL = "-O";
				VALIDATE_PRODUCT = YES;
			};
			name = Release;
		};
		FD05F71E2854757D0055192B /* Debug */ = {
			isa = XCBuildConfiguration;
			buildSettings = {
				ASSETCATALOG_COMPILER_APPICON_NAME = AppIcon;
				ASSETCATALOG_COMPILER_GLOBAL_ACCENT_COLOR_NAME = AccentColor;
				CODE_SIGN_STYLE = Automatic;
				CURRENT_PROJECT_VERSION = 1;
				DEVELOPMENT_ASSET_PATHS = "\"OutOfTheBoxOffice/Preview Content\"";
				DEVELOPMENT_TEAM = J5FAVF69G7;
				ENABLE_PREVIEWS = YES;
				GENERATE_INFOPLIST_FILE = YES;
				INFOPLIST_KEY_UIApplicationSceneManifest_Generation = YES;
				INFOPLIST_KEY_UIApplicationSupportsIndirectInputEvents = YES;
				INFOPLIST_KEY_UILaunchScreen_Generation = YES;
				INFOPLIST_KEY_UISupportedInterfaceOrientations_iPad = "UIInterfaceOrientationPortrait UIInterfaceOrientationPortraitUpsideDown UIInterfaceOrientationLandscapeLeft UIInterfaceOrientationLandscapeRight";
				INFOPLIST_KEY_UISupportedInterfaceOrientations_iPhone = "UIInterfaceOrientationPortrait UIInterfaceOrientationLandscapeLeft UIInterfaceOrientationLandscapeRight";
				LD_RUNPATH_SEARCH_PATHS = (
					"$(inherited)",
					"@executable_path/Frameworks",
				);
				MARKETING_VERSION = 1.0;
				PRODUCT_BUNDLE_IDENTIFIER = com.suhailskhan.OutOfTheBoxOffice;
				PRODUCT_NAME = OOTBO;
				SWIFT_EMIT_LOC_STRINGS = YES;
				SWIFT_VERSION = 5.0;
				TARGETED_DEVICE_FAMILY = "1,2";
			};
			name = Debug;
		};
		FD05F71F2854757D0055192B /* Release */ = {
			isa = XCBuildConfiguration;
			buildSettings = {
				ASSETCATALOG_COMPILER_APPICON_NAME = AppIcon;
				ASSETCATALOG_COMPILER_GLOBAL_ACCENT_COLOR_NAME = AccentColor;
				CODE_SIGN_STYLE = Automatic;
				CURRENT_PROJECT_VERSION = 1;
				DEVELOPMENT_ASSET_PATHS = "\"OutOfTheBoxOffice/Preview Content\"";
				DEVELOPMENT_TEAM = J5FAVF69G7;
				ENABLE_PREVIEWS = YES;
				GENERATE_INFOPLIST_FILE = YES;
				INFOPLIST_KEY_UIApplicationSceneManifest_Generation = YES;
				INFOPLIST_KEY_UIApplicationSupportsIndirectInputEvents = YES;
				INFOPLIST_KEY_UILaunchScreen_Generation = YES;
				INFOPLIST_KEY_UISupportedInterfaceOrientations_iPad = "UIInterfaceOrientationPortrait UIInterfaceOrientationPortraitUpsideDown UIInterfaceOrientationLandscapeLeft UIInterfaceOrientationLandscapeRight";
				INFOPLIST_KEY_UISupportedInterfaceOrientations_iPhone = "UIInterfaceOrientationPortrait UIInterfaceOrientationLandscapeLeft UIInterfaceOrientationLandscapeRight";
				LD_RUNPATH_SEARCH_PATHS = (
					"$(inherited)",
					"@executable_path/Frameworks",
				);
				MARKETING_VERSION = 1.0;
				PRODUCT_BUNDLE_IDENTIFIER = com.suhailskhan.OutOfTheBoxOffice;
				PRODUCT_NAME = OOTBO;
				SWIFT_EMIT_LOC_STRINGS = YES;
				SWIFT_VERSION = 5.0;
				TARGETED_DEVICE_FAMILY = "1,2";
			};
			name = Release;
		};
/* End XCBuildConfiguration section */

/* Begin XCConfigurationList section */
		FD05F70A2854757B0055192B /* Build configuration list for PBXProject "OutOfTheBoxOffice" */ = {
			isa = XCConfigurationList;
			buildConfigurations = (
				FD05F71B2854757D0055192B /* Debug */,
				FD05F71C2854757D0055192B /* Release */,
			);
			defaultConfigurationIsVisible = 0;
			defaultConfigurationName = Release;
		};
		FD05F71D2854757D0055192B /* Build configuration list for PBXNativeTarget "OutOfTheBoxOffice" */ = {
			isa = XCConfigurationList;
			buildConfigurations = (
				FD05F71E2854757D0055192B /* Debug */,
				FD05F71F2854757D0055192B /* Release */,
			);
			defaultConfigurationIsVisible = 0;
			defaultConfigurationName = Release;
		};
/* End XCConfigurationList section */
	};
	rootObject = FD05F7072854757B0055192B /* Project object */;
}
